github.com/smira/go-statsd v1.3.3 h1:WnMlmGTyMpzto+HvOJWRPoLaLlk5EGfzsnlQBcvj4yI=
github.com/smira/go-statsd v1.3.3/go.mod h1:RjdsESPgDODtg1VpVVf9MJrEW2Hw0wtRNbmB1CAhu6A=
github.com/valyala/gozstd v1.20.1 h1:xPnnnvjmaDDitMFfDxmQ4vpx0+3CdTg2o3lALvXTU/g=
github.com/valyala/gozstd v1.20.1/go.mod h1:y5Ew47GLlP37EkTB+B4s7r6A5rdaeB7ftbl9zoYiIPQ=
